// !$*UTF8*$!
{
	archiveVersion = 1;
	classes = {
	};
	objectVersion = 50;
	objects = {

/* Begin PBXBuildFile section */
		3E0CC5EB243602D400F45BB4 /* AppDelegate.swift in Sources */ = {isa = PBXBuildFile; fileRef = 3E0CC5EA243602D400F45BB4 /* AppDelegate.swift */; };
		3E0CC5ED243602D400F45BB4 /* SceneDelegate.swift in Sources */ = {isa = PBXBuildFile; fileRef = 3E0CC5EC243602D400F45BB4 /* SceneDelegate.swift */; };
		3E0CC5EF243602D400F45BB4 /* ViewController.swift in Sources */ = {isa = PBXBuildFile; fileRef = 3E0CC5EE243602D400F45BB4 /* ViewController.swift */; };
		3E0CC5F2243602D400F45BB4 /* Main.storyboard in Resources */ = {isa = PBXBuildFile; fileRef = 3E0CC5F0243602D400F45BB4 /* Main.storyboard */; };
		3E0CC5F4243602D700F45BB4 /* Assets.xcassets in Resources */ = {isa = PBXBuildFile; fileRef = 3E0CC5F3243602D700F45BB4 /* Assets.xcassets */; };
		3E0CC5F7243602D700F45BB4 /* LaunchScreen.storyboard in Resources */ = {isa = PBXBuildFile; fileRef = 3E0CC5F5243602D700F45BB4 /* LaunchScreen.storyboard */; };
		3E0CC6012436044800F45BB4 /* ResultViewController.swift in Sources */ = {isa = PBXBuildFile; fileRef = 3E0CC6002436044800F45BB4 /* ResultViewController.swift */; };
/* End PBXBuildFile section */

/* Begin PBXFileReference section */
		3E0CC5E7243602D400F45BB4 /* CheckWork2.app */ = {isa = PBXFileReference; explicitFileType = wrapper.application; includeInIndex = 0; path = CheckWork2.app; sourceTree = BUILT_PRODUCTS_DIR; };
		3E0CC5EA243602D400F45BB4 /* AppDelegate.swift */ = {isa = PBXFileReference; lastKnownFileType = sourcecode.swift; path = AppDelegate.swift; sourceTree = "<group>"; };
		3E0CC5EC243602D400F45BB4 /* SceneDelegate.swift */ = {isa = PBXFileReference; lastKnownFileType = sourcecode.swift; path = SceneDelegate.swift; sourceTree = "<group>"; };
		3E0CC5EE243602D400F45BB4 /* ViewController.swift */ = {isa = PBXFileReference; lastKnownFileType = sourcecode.swift; path = ViewController.swift; sourceTree = "<group>"; };
		3E0CC5F1243602D400F45BB4 /* Base */ = {isa = PBXFileReference; lastKnownFileType = file.storyboard; name = Base; path = Base.lproj/Main.storyboard; sourceTree = "<group>"; };
		3E0CC5F3243602D700F45BB4 /* Assets.xcassets */ = {isa = PBXFileReference; lastKnownFileType = folder.assetcatalog; path = Assets.xcassets; sourceTree = "<group>"; };
		3E0CC5F6243602D700F45BB4 /* Base */ = {isa = PBXFileReference; lastKnownFileType = file.storyboard; name = Base; path = Base.lproj/LaunchScreen.storyboard; sourceTree = "<group>"; };
		3E0CC5F8243602D700F45BB4 /* Info.plist */ = {isa = PBXFileReference; lastKnownFileType = text.plist.xml; path = Info.plist; sourceTree = "<group>"; };
		3E0CC6002436044800F45BB4 /* ResultViewController.swift */ = {isa = PBXFileReference; lastKnownFileType = sourcecode.swift; path = ResultViewController.swift; sourceTree = "<group>"; };
/* End PBXFileReference section */

/* Begin PBXFrameworksBuildPhase section */
		3E0CC5E4243602D400F45BB4 /* Frameworks */ = {
			isa = PBXFrameworksBuildPhase;
			buildActionMask = 2147483647;
			files = (
			);
			runOnlyForDeploymentPostprocessing = 0;
		};
/* End PBXFrameworksBuildPhase section */

/* Begin PBXGroup section */
		3E0CC5DE243602D400F45BB4 = {
			isa = PBXGroup;
			children = (
				3E0CC5E9243602D400F45BB4 /* CheckWork2 */,
				3E0CC5E8243602D400F45BB4 /* Products */,
			);
			sourceTree = "<group>";
		};
		3E0CC5E8243602D400F45BB4 /* Products */ = {
			isa = PBXGroup;
			children = (
				3E0CC5E7243602D400F45BB4 /* CheckWork2.app */,
			);
			name = Products;
			sourceTree = "<group>";
		};
		3E0CC5E9243602D400F45BB4 /* CheckWork2 */ = {
			isa = PBXGroup;
			children = (
				3E0CC5EA243602D400F45BB4 /* AppDelegate.swift */,
				3E0CC5EC243602D400F45BB4 /* SceneDelegate.swift */,
				3E0CC5EE243602D400F45BB4 /* ViewController.swift */,
				3E0CC6002436044800F45BB4 /* ResultViewController.swift */,
				3E0CC5F0243602D400F45BB4 /* Main.storyboard */,
				3E0CC5F3243602D700F45BB4 /* Assets.xcassets */,
				3E0CC5F5243602D700F45BB4 /* LaunchScreen.storyboard */,
				3E0CC5F8243602D700F45BB4 /* Info.plist */,
			);
			path = CheckWork2;
			sourceTree = "<group>";
		};
/* End PBXGroup section */

/* Begin PBXNativeTarget section */
		3E0CC5E6243602D400F45BB4 /* CheckWork2 */ = {
			isa = PBXNativeTarget;
			buildConfigurationList = 3E0CC5FB243602D700F45BB4 /* Build configuration list for PBXNativeTarget "CheckWork2" */;
			buildPhases = (
				3E0CC5E3243602D400F45BB4 /* Sources */,
				3E0CC5E4243602D400F45BB4 /* Frameworks */,
				3E0CC5E5243602D400F45BB4 /* Resources */,
			);
			buildRules = (
			);
			dependencies = (
			);
			name = CheckWork2;
			productName = CheckWork2;
			productReference = 3E0CC5E7243602D400F45BB4 /* CheckWork2.app */;
			productType = "com.apple.product-type.application";
		};
/* End PBXNativeTarget section */

/* Begin PBXProject section */
		3E0CC5DF243602D400F45BB4 /* Project object */ = {
			isa = PBXProject;
			attributes = {
				LastSwiftUpdateCheck = 1130;
				LastUpgradeCheck = 1130;
				ORGANIZATIONNAME = "原田澪";
				TargetAttributes = {
					3E0CC5E6243602D400F45BB4 = {
						CreatedOnToolsVersion = 11.3.1;
					};
				};
			};
			buildConfigurationList = 3E0CC5E2243602D400F45BB4 /* Build configuration list for PBXProject "CheckWork2" */;
			compatibilityVersion = "Xcode 9.3";
			developmentRegion = en;
			hasScannedForEncodings = 0;
			knownRegions = (
				en,
				Base,
			);
			mainGroup = 3E0CC5DE243602D400F45BB4;
			productRefGroup = 3E0CC5E8243602D400F45BB4 /* Products */;
			projectDirPath = "";
			projectRoot = "";
			targets = (
				3E0CC5E6243602D400F45BB4 /* CheckWork2 */,
			);
		};
/* End PBXProject section */

/* Begin PBXResourcesBuildPhase section */
		3E0CC5E5243602D400F45BB4 /* Resources */ = {
			isa = PBXResourcesBuildPhase;
			buildActionMask = 2147483647;
			files = (
				3E0CC5F7243602D700F45BB4 /* LaunchScreen.storyboard in Resources */,
				3E0CC5F4243602D700F45BB4 /* Assets.xcassets in Resources */,
				3E0CC5F2243602D400F45BB4 /* Main.storyboard in Resources */,
			);
			runOnlyForDeploymentPostprocessing = 0;
		};
/* End PBXResourcesBuildPhase section */

/* Begin PBXSourcesBuildPhase section */
		3E0CC5E3243602D400F45BB4 /* Sources */ = {
			isa = PBXSourcesBuildPhase;
			buildActionMask = 2147483647;
			files = (
				3E0CC5EF243602D400F45BB4 /* ViewController.swift in Sources */,
				3E0CC5EB243602D400F45BB4 /* AppDelegate.swift in Sources */,
				3E0CC5ED243602D400F45BB4 /* SceneDelegate.swift in Sources */,
				3E0CC6012436044800F45BB4 /* ResultViewController.swift in Sources */,
			);
			runOnlyForDeploymentPostprocessing = 0;
		};
/* End PBXSourcesBuildPhase section */

/* Begin PBXVariantGroup section */
		3E0CC5F0243602D400F45BB4 /* Main.storyboard */ = {
			isa = PBXVariantGroup;
			children = (
				3E0CC5F1243602D400F45BB4 /* Base */,
			);
			name = Main.storyboard;
			sourceTree = "<group>";
		};
		3E0CC5F5243602D700F45BB4 /* LaunchScreen.storyboard */ = {
			isa = PBXVariantGroup;
			children = (
				3E0CC5F6243602D700F45BB4 /* Base */,
			);
			name = LaunchScreen.storyboard;
			sourceTree = "<group>";
		};
/* End PBXVariantGroup section */

/* Begin XCBuildConfiguration section */
		3E0CC5F9243602D700F45BB4 /* Debug */ = {
			isa = XCBuildConfiguration;
			buildSettings = {
				ALWAYS_SEARCH_USER_PATHS = NO;
				CLANG_ANALYZER_NONNULL = YES;
				CLANG_ANALYZER_NUMBER_OBJECT_CONVERSION = YES_AGGRESSIVE;
				CLANG_CXX_LANGUAGE_STANDARD = "gnu++14";
				CLANG_CXX_LIBRARY = "libc++";
				CLANG_ENABLE_MODULES = YES;
				CLANG_ENABLE_OBJC_ARC = YES;
				CLANG_ENABLE_OBJC_WEAK = YES;
				CLANG_WARN_BLOCK_CAPTURE_AUTORELEASING = YES;
				CLANG_WARN_BOOL_CONVERSION = YES;
				CLANG_WARN_COMMA = YES;
				CLANG_WARN_CONSTANT_CONVERSION = YES;
				CLANG_WARN_DEPRECATED_OBJC_IMPLEMENTATIONS = YES;
				CLANG_WARN_DIRECT_OBJC_ISA_USAGE = YES_ERROR;
				CLANG_WARN_DOCUMENTATION_COMMENTS = YES;
				CLANG_WARN_EMPTY_BODY = YES;
				CLANG_WARN_ENUM_CONVERSION = YES;
				CLANG_WARN_INFINITE_RECURSION = YES;
				CLANG_WARN_INT_CONVERSION = YES;
				CLANG_WARN_NON_LITERAL_NULL_CONVERSION = YES;
				CLANG_WARN_OBJC_IMPLICIT_RETAIN_SELF = YES;
				CLANG_WARN_OBJC_LITERAL_CONVERSION = YES;
				CLANG_WARN_OBJC_ROOT_CLASS = YES_ERROR;
				CLANG_WARN_RANGE_LOOP_ANALYSIS = YES;
				CLANG_WARN_STRICT_PROTOTYPES = YES;
				CLANG_WARN_SUSPICIOUS_MOVE = YES;
				CLANG_WARN_UNGUARDED_AVAILABILITY = YES_AGGRESSIVE;
				CLANG_WARN_UNREACHABLE_CODE = YES;
				CLANG_WARN__DUPLICATE_METHOD_MATCH = YES;
				COPY_PHASE_STRIP = NO;
				DEBUG_INFORMATION_FORMAT = dwarf;
				ENABLE_STRICT_OBJC_MSGSEND = YES;
				ENABLE_TESTABILITY = YES;
				GCC_C_LANGUAGE_STANDARD = gnu11;
				GCC_DYNAMIC_NO_PIC = NO;
				GCC_NO_COMMON_BLOCKS = YES;
				GCC_OPTIMIZATION_LEVEL = 0;
				GCC_PREPROCESSOR_DEFINITIONS = (
					"DEBUG=1",
					"$(inherited)",
				);
				GCC_WARN_64_TO_32_BIT_CONVERSION = YES;
				GCC_WARN_ABOUT_RETURN_TYPE = YES_ERROR;
				GCC_WARN_UNDECLARED_SELECTOR = YES;
				GCC_WARN_UNINITIALIZED_AUTOS = YES_AGGRESSIVE;
				GCC_WARN_UNUSED_FUNCTION = YES;
				GCC_WARN_UNUSED_VARIABLE = YES;
				IPHONEOS_DEPLOYMENT_TARGET = 13.2;
				MTL_ENABLE_DEBUG_INFO = INCLUDE_SOURCE;
				MTL_FAST_MATH = YES;
				ONLY_ACTIVE_ARCH = YES;
				SDKROOT = iphoneos;
				SWIFT_ACTIVE_COMPILATION_CONDITIONS = DEBUG;
				SWIFT_OPTIMIZATION_LEVEL = "-Onone";
			};
			name = Debug;
		};
		3E0CC5FA243602D700F45BB4 /* Release */ = {
			isa = XCBuildConfiguration;
			buildSettings = {
				ALWAYS_SEARCH_USER_PATHS = NO;
				CLANG_ANALYZER_NONNULL = YES;
				CLANG_ANALYZER_NUMBER_OBJECT_CONVERSION = YES_AGGRESSIVE;
				CLANG_CXX_LANGUAGE_STANDARD = "gnu++14";
				CLANG_CXX_LIBRARY = "libc++";
				CLANG_ENABLE_MODULES = YES;
				CLANG_ENABLE_OBJC_ARC = YES;
				CLANG_ENABLE_OBJC_WEAK = YES;
				CLANG_WARN_BLOCK_CAPTURE_AUTORELEASING = YES;
				CLANG_WARN_BOOL_CONVERSION = YES;
				CLANG_WARN_COMMA = YES;
				CLANG_WARN_CONSTANT_CONVERSION = YES;
				CLANG_WARN_DEPRECATED_OBJC_IMPLEMENTATIONS = YES;
				CLANG_WARN_DIRECT_OBJC_ISA_USAGE = YES_ERROR;
				CLANG_WARN_DOCUMENTATION_COMMENTS = YES;
				CLANG_WARN_EMPTY_BODY = YES;
				CLANG_WARN_ENUM_CONVERSION = YES;
				CLANG_WARN_INFINITE_RECURSION = YES;
				CLANG_WARN_INT_CONVERSION = YES;
				CLANG_WARN_NON_LITERAL_NULL_CONVERSION = YES;
				CLANG_WARN_OBJC_IMPLICIT_RETAIN_SELF = YES;
				CLANG_WARN_OBJC_LITERAL_CONVERSION = YES;
				CLANG_WARN_OBJC_ROOT_CLASS = YES_ERROR;
				CLANG_WARN_RANGE_LOOP_ANALYSIS = YES;
				CLANG_WARN_STRICT_PROTOTYPES = YES;
				CLANG_WARN_SUSPICIOUS_MOVE = YES;
				CLANG_WARN_UNGUARDED_AVAILABILITY = YES_AGGRESSIVE;
				CLANG_WARN_UNREACHABLE_CODE = YES;
				CLANG_WARN__DUPLICATE_METHOD_MATCH = YES;
				COPY_PHASE_STRIP = NO;
				DEBUG_INFORMATION_FORMAT = "dwarf-with-dsym";
				ENABLE_NS_ASSERTIONS = NO;
				ENABLE_STRICT_OBJC_MSGSEND = YES;
				GCC_C_LANGUAGE_STANDARD = gnu11;
				GCC_NO_COMMON_BLOCKS = YES;
				GCC_WARN_64_TO_32_BIT_CONVERSION = YES;
				GCC_WARN_ABOUT_RETURN_TYPE = YES_ERROR;
				GCC_WARN_UNDECLARED_SELECTOR = YES;
				GCC_WARN_UNINITIALIZED_AUTOS = YES_AGGRESSIVE;
				GCC_WARN_UNUSED_FUNCTION = YES;
				GCC_WARN_UNUSED_VARIABLE = YES;
				IPHONEOS_DEPLOYMENT_TARGET = 13.2;
				MTL_ENABLE_DEBUG_INFO = NO;
				MTL_FAST_MATH = YES;
				SDKROOT = iphoneos;
				SWIFT_COMPILATION_MODE = wholemodule;
				SWIFT_OPTIMIZATION_LEVEL = "-O";
				VALIDATE_PRODUCT = YES;
			};
			name = Release;
		};
		3E0CC5FC243602D700F45BB4 /* Debug */ = {
			isa = XCBuildConfiguration;
			buildSettings = {
				ASSETCATALOG_COMPILER_APPICON_NAME = AppIcon;
				CODE_SIGN_STYLE = Automatic;
				DEVELOPMENT_TEAM = PQLC54YQKB;
				INFOPLIST_FILE = CheckWork2/Info.plist;
				LD_RUNPATH_SEARCH_PATHS = (
					"$(inherited)",
					"@executable_path/Frameworks",
				);
				PRODUCT_BUNDLE_IDENTIFIER = leo.rabbit.CheckWork2;
				PRODUCT_NAME = "$(TARGET_NAME)";
				SWIFT_VERSION = 5.0;
				TARGETED_DEVICE_FAMILY = "1,2";
			};
			name = Debug;
		};
		3E0CC5FD243602D700F45BB4 /* Release */ = {
			isa = XCBuildConfiguration;
			buildSettings = {
				ASSETCATALOG_COMPILER_APPICON_NAME = AppIcon;
				CODE_SIGN_STYLE = Automatic;
				DEVELOPMENT_TEAM = PQLC54YQKB;
				INFOPLIST_FILE = CheckWork2/Info.plist;
				LD_RUNPATH_SEARCH_PATHS = (
					"$(inherited)",
					"@executable_path/Frameworks",
				);
				PRODUCT_BUNDLE_IDENTIFIER = leo.rabbit.CheckWork2;
				PRODUCT_NAME = "$(TARGET_NAME)";
				SWIFT_VERSION = 5.0;
				TARGETED_DEVICE_FAMILY = "1,2";
			};
			name = Release;
		};
/* End XCBuildConfiguration section */

/* Begin XCConfigurationList section */
		3E0CC5E2243602D400F45BB4 /* Build configuration list for PBXProject "CheckWork2" */ = {
			isa = XCConfigurationList;
			buildConfigurations = (
				3E0CC5F9243602D700F45BB4 /* Debug */,
				3E0CC5FA243602D700F45BB4 /* Release */,
			);
			defaultConfigurationIsVisible = 0;
			defaultConfigurationName = Release;
		};
		3E0CC5FB243602D700F45BB4 /* Build configuration list for PBXNativeTarget "CheckWork2" */ = {
			isa = XCConfigurationList;
			buildConfigurations = (
				3E0CC5FC243602D700F45BB4 /* Debug */,
				3E0CC5FD243602D700F45BB4 /* Release */,
			);
			defaultConfigurationIsVisible = 0;
			defaultConfigurationName = Release;
		};
/* End XCConfigurationList section */
	};
	rootObject = 3E0CC5DF243602D400F45BB4 /* Project object */;
}
